{
    "name": "test",
    "version": "0.1.0",
    "lockfileVersion": 1,
    "requires": true,
    "dependencies": {
        "qartjs": {
            "version": "1.1.1",
            "resolved": "https://registry.npmjs.org/qartjs/-/qartjs-1.1.1.tgz",
            "integrity": "sha1-9jkTaOWRDlheVnPEHbJEDFzgfEc="
        },
        "qrcodejs2": {
            "version": "0.0.2",
            "resolved": "https://registry.npm.taobao.org/qrcodejs2/download/qrcodejs2-0.0.2.tgz",
            "integrity": "sha1-Rlr+Xjnxn6zsuTLBH3oYYQkUauE="
        },
        "vue-qart": {
            "version": "2.2.0",
            "resolved": "https://registry.npmjs.org/vue-qart/-/vue-qart-2.2.0.tgz",
            "integrity": "sha512-Wt0WDreWVctPVioIAlnXeiK+rzOhFZjWdm2051QC+NcmPU3AjkbUh4crNU8WQ3yRm8ySkBq0DKWlTbVT0IP48Q==",
            "requires": {
                "qartjs": "1.1.1"
            }
        }
    }
}
